github.com/pkg/errors v0.9.1 h1:FEBLx1zS214owpjy7qsBeixbURkuhQAwrK5UwLGTwt4=
github.com/pkg/errors v0.9.1/go.mod h1:bwawxfHBFNV+L2hUp1rHADufV3IMtnDRdf1r5NINEl0=
github.com/strongo/random v0.0.0-20201120164511-f20cfe28165d h1:I8qa7ggQ5RT+hO5gTTaBtS8ZEvbsBIik//AdM4dZL4g=
github.com/strongo/random v0.0.0-20201120164511-f20cfe28165d/go.mod h1:b5FiRTvklOIQI/iX+4qfwtK7Jrs+9KTZFn1dP9iX26o=
github.com/strongo/validation v0.0.0-20210908182457-7acc8bdbeffd h1:hvHVKVARPjItp1EQxTk0v3SxE8fICA3n0s2iVeejhOU=
github.com/strongo/validation v0.0.0-20210908182457-7acc8bdbeffd/go.mod h1:X1c1hPVXIUbKlyRrU/WSKKnbA1C0dLv7w7xOfeoL0iI=
